
Microsoft Visual Studio Solution File, Format Version 12.00
# Visual Studio Version 17
VisualStudioVersion = 17.2.32526.322
MinimumVisualStudioVersion = 10.0.40219.1
Project("{888888A0-9F3D-457C-B088-3A5042F75D52}") = "LeetProjects", "LeetProjects\LeetProjects.pyproj", "{B8AB80CC-E543-429C-9FA5-3B5980C342DE}"
EndProject
Global
	GlobalSection(SolutionConfigurationPlatforms) = preSolution
		Debug|Any CPU = Debug|Any CPU
		Release|Any CPU = Release|Any CPU
	EndGlobalSection
	GlobalSection(ProjectConfigurationPlatforms) = postSolution
		{B8AB80CC-E543-429C-9FA5-3B5980C342DE}.Debug|Any CPU.ActiveCfg = Debug|Any CPU
		{B8AB80CC-E543-429C-9FA5-3B5980C342DE}.Release|Any CPU.ActiveCfg = Release|Any CPU
	EndGlobalSection
	GlobalSection(SolutionProperties) = preSolution
		HideSolutionNode = FALSE
	EndGlobalSection
	GlobalSection(ExtensibilityGlobals) = postSolution
		SolutionGuid = {EC77FD53-B07A-4CA4-8B46-6C91E843413A}
	EndGlobalSection
EndGlobal
